
Microsoft Visual Studio Solution File, Format Version 12.00
# Visual Studio Version 16
VisualStudioVersion = 16.0.31702.278
MinimumVisualStudioVersion = 10.0.40219.1
Project("{FAE04EC0-301F-11D3-BF4B-00C04F79EFBC}") = "lab4.1", "lab4.1\lab4.1.csproj", "{7DEEC996-E2D8-4528-9A68-C11852FBCD01}"
EndProject
Global
	GlobalSection(SolutionConfigurationPlatforms) = preSolution
		Debug|Any CPU = Debug|Any CPU
		Release|Any CPU = Release|Any CPU
	EndGlobalSection
	GlobalSection(ProjectConfigurationPlatforms) = postSolution
		{7DEEC996-E2D8-4528-9A68-C11852FBCD01}.Debug|Any CPU.ActiveCfg = Debug|Any CPU
		{7DEEC996-E2D8-4528-9A68-C11852FBCD01}.Debug|Any CPU.Build.0 = Debug|Any CPU
		{7DEEC996-E2D8-4528-9A68-C11852FBCD01}.Release|Any CPU.ActiveCfg = Release|Any CPU
		{7DEEC996-E2D8-4528-9A68-C11852FBCD01}.Release|Any CPU.Build.0 = Release|Any CPU
	EndGlobalSection
	GlobalSection(SolutionProperties) = preSolution
		HideSolutionNode = FALSE
	EndGlobalSection
	GlobalSection(ExtensibilityGlobals) = postSolution
		SolutionGuid = {A97F3A75-48AB-40DE-9716-B878B1BD44FE}
	EndGlobalSection
EndGlobal
